
Microsoft Visual Studio Solution File, Format Version 12.00
# Visual Studio 15
VisualStudioVersion = 15.0.28307.489
MinimumVisualStudioVersion = 10.0.40219.1
Project("{8BC9CEB8-8B4A-11D0-8D11-00A0C91BC942}") = "DepratmentNumbers", "DepratmentNumbers\DepratmentNumbers.vcxproj", "{D144D7C5-A192-419B-96D1-CD57E10E3A66}"
EndProject
Global
	GlobalSection(SolutionConfigurationPlatforms) = preSolution
		Debug|x64 = Debug|x64
		Debug|x86 = Debug|x86
		Release|x64 = Release|x64
		Release|x86 = Release|x86
	EndGlobalSection
	GlobalSection(ProjectConfigurationPlatforms) = postSolution
		{D144D7C5-A192-419B-96D1-CD57E10E3A66}.Debug|x64.ActiveCfg = Debug|x64
		{D144D7C5-A192-419B-96D1-CD57E10E3A66}.Debug|x64.Build.0 = Debug|x64
		{D144D7C5-A192-419B-96D1-CD57E10E3A66}.Debug|x86.ActiveCfg = Debug|Win32
		{D144D7C5-A192-419B-96D1-CD57E10E3A66}.Debug|x86.Build.0 = Debug|Win32
		{D144D7C5-A192-419B-96D1-CD57E10E3A66}.Release|x64.ActiveCfg = Release|x64
		{D144D7C5-A192-419B-96D1-CD57E10E3A66}.Release|x64.Build.0 = Release|x64
		{D144D7C5-A192-419B-96D1-CD57E10E3A66}.Release|x86.ActiveCfg = Release|Win32
		{D144D7C5-A192-419B-96D1-CD57E10E3A66}.Release|x86.Build.0 = Release|Win32
	EndGlobalSection
	GlobalSection(SolutionProperties) = preSolution
		HideSolutionNode = FALSE
	EndGlobalSection
	GlobalSection(ExtensibilityGlobals) = postSolution
		SolutionGuid = {98A573D5-97F8-4401-A913-405304C1D670}
	EndGlobalSection
EndGlobal
